
Microsoft Visual Studio Solution File, Format Version 12.00
# Visual Studio Version 17
VisualStudioVersion = 17.5.2.0
MinimumVisualStudioVersion = 10.0.40219.1
Project("{FAE04EC0-301F-11D3-BF4B-00C04F79EFBC}") = "bilihan-online", "bilihan-online.csproj", "{32A953EE-38D0-A5C3-5A49-19D2B1CBDBF0}"
EndProject
Project("{FAE04EC0-301F-11D3-BF4B-00C04F79EFBC}") = "bilihan-onlineDAL", "..\bilihan-onlineDAL\bilihan-onlineDAL.csproj", "{706EE99C-7775-4D22-8F80-E814EF7D5A05}"
EndProject
Project("{FAE04EC0-301F-11D3-BF4B-00C04F79EFBC}") = "bilihan-onlineBLL", "..\bilihan-onlineBLL\bilihan-onlineBLL.csproj", "{C30D16EE-5641-44A2-B51E-CAFC71330E14}"
EndProject
Global
	GlobalSection(SolutionConfigurationPlatforms) = preSolution
		Debug|Any CPU = Debug|Any CPU
		Release|Any CPU = Release|Any CPU
	EndGlobalSection
	GlobalSection(ProjectConfigurationPlatforms) = postSolution
		{32A953EE-38D0-A5C3-5A49-19D2B1CBDBF0}.Debug|Any CPU.ActiveCfg = Debug|Any CPU
		{32A953EE-38D0-A5C3-5A49-19D2B1CBDBF0}.Debug|Any CPU.Build.0 = Debug|Any CPU
		{32A953EE-38D0-A5C3-5A49-19D2B1CBDBF0}.Release|Any CPU.ActiveCfg = Release|Any CPU
		{32A953EE-38D0-A5C3-5A49-19D2B1CBDBF0}.Release|Any CPU.Build.0 = Release|Any CPU
		{706EE99C-7775-4D22-8F80-E814EF7D5A05}.Debug|Any CPU.ActiveCfg = Debug|Any CPU
		{706EE99C-7775-4D22-8F80-E814EF7D5A05}.Debug|Any CPU.Build.0 = Debug|Any CPU
		{706EE99C-7775-4D22-8F80-E814EF7D5A05}.Release|Any CPU.ActiveCfg = Release|Any CPU
		{706EE99C-7775-4D22-8F80-E814EF7D5A05}.Release|Any CPU.Build.0 = Release|Any CPU
		{C30D16EE-5641-44A2-B51E-CAFC71330E14}.Debug|Any CPU.ActiveCfg = Debug|Any CPU
		{C30D16EE-5641-44A2-B51E-CAFC71330E14}.Debug|Any CPU.Build.0 = Debug|Any CPU
		{C30D16EE-5641-44A2-B51E-CAFC71330E14}.Release|Any CPU.ActiveCfg = Release|Any CPU
		{C30D16EE-5641-44A2-B51E-CAFC71330E14}.Release|Any CPU.Build.0 = Release|Any CPU
	EndGlobalSection
	GlobalSection(SolutionProperties) = preSolution
		HideSolutionNode = FALSE
	EndGlobalSection
	GlobalSection(ExtensibilityGlobals) = postSolution
		SolutionGuid = {88A316CC-30BD-40FA-8555-EDF565EF0F4A}
	EndGlobalSection
EndGlobal
